
Microsoft Visual Studio Solution File, Format Version 12.00
Project("{FAE04EC0-301F-11D3-BF4B-00C04F79EFBC}") = "UrbanFlow-trips-planner", "UrbanFlow-trips-planner\UrbanFlow-trips-planner.csproj", "{8DB91375-D571-45E1-B4CF-88E6445C65C1}"
EndProject
Project("{FAE04EC0-301F-11D3-BF4B-00C04F79EFBC}") = "UrbanFlow-trips-planner.Tests", "UrbanFlow-trips-planner.Tests\UrbanFlow-trips-planner.Tests.csproj", "{712B9FBE-95C8-45F9-A7EE-AB6A51A1BC81}"
EndProject
Global
	GlobalSection(SolutionConfigurationPlatforms) = preSolution
		Debug|Any CPU = Debug|Any CPU
		Release|Any CPU = Release|Any CPU
	EndGlobalSection
	GlobalSection(ProjectConfigurationPlatforms) = postSolution
		{8DB91375-D571-45E1-B4CF-88E6445C65C1}.Debug|Any CPU.ActiveCfg = Debug|Any CPU
		{8DB91375-D571-45E1-B4CF-88E6445C65C1}.Debug|Any CPU.Build.0 = Debug|Any CPU
		{8DB91375-D571-45E1-B4CF-88E6445C65C1}.Release|Any CPU.ActiveCfg = Release|Any CPU
		{8DB91375-D571-45E1-B4CF-88E6445C65C1}.Release|Any CPU.Build.0 = Release|Any CPU
		{712B9FBE-95C8-45F9-A7EE-AB6A51A1BC81}.Debug|Any CPU.ActiveCfg = Debug|Any CPU
		{712B9FBE-95C8-45F9-A7EE-AB6A51A1BC81}.Debug|Any CPU.Build.0 = Debug|Any CPU
		{712B9FBE-95C8-45F9-A7EE-AB6A51A1BC81}.Release|Any CPU.ActiveCfg = Release|Any CPU
		{712B9FBE-95C8-45F9-A7EE-AB6A51A1BC81}.Release|Any CPU.Build.0 = Release|Any CPU
	EndGlobalSection
EndGlobal
